
Microsoft Visual Studio Solution File, Format Version 12.00
# Visual Studio 14
VisualStudioVersion = 14.0.25420.1
MinimumVisualStudioVersion = 10.0.40219.1
Project("{FAE04EC0-301F-11D3-BF4B-00C04F79EFBC}") = "NDMS.DomainModel", "NDMS.DomainModel\NDMS.DomainModel.csproj", "{A5D0FDAC-D993-420B-9E55-0005A9C43B14}"
EndProject
Project("{FAE04EC0-301F-11D3-BF4B-00C04F79EFBC}") = "NDMS.Business.Interfaces", "NDMS.Business.Interfaces\NDMS.Business.Interfaces.csproj", "{E662C563-3F86-4C6B-93E1-7A511BA64D6B}"
EndProject
Project("{FAE04EC0-301F-11D3-BF4B-00C04F79EFBC}") = "NDMS.Business", "NDMS.Business\NDMS.Business.csproj", "{FCC59CCE-1AAD-46A4-98E7-8505031481E1}"
EndProject
Project("{FAE04EC0-301F-11D3-BF4B-00C04F79EFBC}") = "NDMS.DataAccess", "NDMS.DataAccess\NDMS.DataAccess.csproj", "{9861752C-22FB-4B9E-ADED-AE14A25188EE}"
EndProject
Project("{FAE04EC0-301F-11D3-BF4B-00C04F79EFBC}") = "NDMS.Apis", "NDMS.Apis\NDMS.Apis.csproj", "{E655E83D-A952-4AF3-ADEC-715C17F582FA}"
EndProject
Project("{FAE04EC0-301F-11D3-BF4B-00C04F79EFBC}") = "NDMS.Logger", "NDMS.Logger\NDMS.Logger.csproj", "{47F8FE85-F105-491E-847B-0B8375A5AA75}"
EndProject
Project("{FAE04EC0-301F-11D3-BF4B-00C04F79EFBC}") = "NDMS.Helpers", "NDMS.Helpers\NDMS.Helpers.csproj", "{3020EF50-DBD2-4B9B-8023-9B2351FEC937}"
EndProject
Project("{FAE04EC0-301F-11D3-BF4B-00C04F79EFBC}") = "NDMS.Cache", "NDMS.Cache\NDMS.Cache.csproj", "{6A416298-1FB2-42E4-B248-410A8CA9F99B}"
EndProject
Project("{FAE04EC0-301F-11D3-BF4B-00C04F79EFBC}") = "NDMS.Security", "NDMS.Security\NDMS.Security.csproj", "{A807EEDE-A752-4A08-8D59-17753DCD88A5}"
EndProject
Project("{FAE04EC0-301F-11D3-BF4B-00C04F79EFBC}") = "NDMS.DependencyRegistry", "NDMS.DependencyRegistry\NDMS.DependencyRegistry.csproj", "{59FCE655-C41F-49EA-B683-AD36DF90FFC1}"
EndProject
Global
	GlobalSection(SolutionConfigurationPlatforms) = preSolution
		Debug|Any CPU = Debug|Any CPU
		QA|Any CPU = QA|Any CPU
		Release|Any CPU = Release|Any CPU
		Test|Any CPU = Test|Any CPU
		Training|Any CPU = Training|Any CPU
	EndGlobalSection
	GlobalSection(ProjectConfigurationPlatforms) = postSolution
		{A5D0FDAC-D993-420B-9E55-0005A9C43B14}.Debug|Any CPU.ActiveCfg = Debug|Any CPU
		{A5D0FDAC-D993-420B-9E55-0005A9C43B14}.Debug|Any CPU.Build.0 = Debug|Any CPU
		{A5D0FDAC-D993-420B-9E55-0005A9C43B14}.QA|Any CPU.ActiveCfg = QA|Any CPU
		{A5D0FDAC-D993-420B-9E55-0005A9C43B14}.QA|Any CPU.Build.0 = QA|Any CPU
		{A5D0FDAC-D993-420B-9E55-0005A9C43B14}.Release|Any CPU.ActiveCfg = Release|Any CPU
		{A5D0FDAC-D993-420B-9E55-0005A9C43B14}.Release|Any CPU.Build.0 = Release|Any CPU
		{A5D0FDAC-D993-420B-9E55-0005A9C43B14}.Test|Any CPU.ActiveCfg = Release|Any CPU
		{A5D0FDAC-D993-420B-9E55-0005A9C43B14}.Test|Any CPU.Build.0 = Release|Any CPU
		{A5D0FDAC-D993-420B-9E55-0005A9C43B14}.Training|Any CPU.ActiveCfg = Release|Any CPU
		{A5D0FDAC-D993-420B-9E55-0005A9C43B14}.Training|Any CPU.Build.0 = Release|Any CPU
		{E662C563-3F86-4C6B-93E1-7A511BA64D6B}.Debug|Any CPU.ActiveCfg = Debug|Any CPU
		{E662C563-3F86-4C6B-93E1-7A511BA64D6B}.Debug|Any CPU.Build.0 = Debug|Any CPU
		{E662C563-3F86-4C6B-93E1-7A511BA64D6B}.QA|Any CPU.ActiveCfg = QA|Any CPU
		{E662C563-3F86-4C6B-93E1-7A511BA64D6B}.QA|Any CPU.Build.0 = QA|Any CPU
		{E662C563-3F86-4C6B-93E1-7A511BA64D6B}.Release|Any CPU.ActiveCfg = Release|Any CPU
		{E662C563-3F86-4C6B-93E1-7A511BA64D6B}.Release|Any CPU.Build.0 = Release|Any CPU
		{E662C563-3F86-4C6B-93E1-7A511BA64D6B}.Test|Any CPU.ActiveCfg = Release|Any CPU
		{E662C563-3F86-4C6B-93E1-7A511BA64D6B}.Test|Any CPU.Build.0 = Release|Any CPU
		{E662C563-3F86-4C6B-93E1-7A511BA64D6B}.Training|Any CPU.ActiveCfg = Release|Any CPU
		{E662C563-3F86-4C6B-93E1-7A511BA64D6B}.Training|Any CPU.Build.0 = Release|Any CPU
		{FCC59CCE-1AAD-46A4-98E7-8505031481E1}.Debug|Any CPU.ActiveCfg = Debug|Any CPU
		{FCC59CCE-1AAD-46A4-98E7-8505031481E1}.Debug|Any CPU.Build.0 = Debug|Any CPU
		{FCC59CCE-1AAD-46A4-98E7-8505031481E1}.QA|Any CPU.ActiveCfg = QA|Any CPU
		{FCC59CCE-1AAD-46A4-98E7-8505031481E1}.QA|Any CPU.Build.0 = QA|Any CPU
		{FCC59CCE-1AAD-46A4-98E7-8505031481E1}.Release|Any CPU.ActiveCfg = Release|Any CPU
		{FCC59CCE-1AAD-46A4-98E7-8505031481E1}.Release|Any CPU.Build.0 = Release|Any CPU
		{FCC59CCE-1AAD-46A4-98E7-8505031481E1}.Test|Any CPU.ActiveCfg = Release|Any CPU
		{FCC59CCE-1AAD-46A4-98E7-8505031481E1}.Test|Any CPU.Build.0 = Release|Any CPU
		{FCC59CCE-1AAD-46A4-98E7-8505031481E1}.Training|Any CPU.ActiveCfg = Release|Any CPU
		{FCC59CCE-1AAD-46A4-98E7-8505031481E1}.Training|Any CPU.Build.0 = Release|Any CPU
		{9861752C-22FB-4B9E-ADED-AE14A25188EE}.Debug|Any CPU.ActiveCfg = Debug|Any CPU
		{9861752C-22FB-4B9E-ADED-AE14A25188EE}.Debug|Any CPU.Build.0 = Debug|Any CPU
		{9861752C-22FB-4B9E-ADED-AE14A25188EE}.QA|Any CPU.ActiveCfg = QA|Any CPU
		{9861752C-22FB-4B9E-ADED-AE14A25188EE}.QA|Any CPU.Build.0 = QA|Any CPU
		{9861752C-22FB-4B9E-ADED-AE14A25188EE}.Release|Any CPU.ActiveCfg = Release|Any CPU
		{9861752C-22FB-4B9E-ADED-AE14A25188EE}.Release|Any CPU.Build.0 = Release|Any CPU
		{9861752C-22FB-4B9E-ADED-AE14A25188EE}.Test|Any CPU.ActiveCfg = Release|Any CPU
		{9861752C-22FB-4B9E-ADED-AE14A25188EE}.Test|Any CPU.Build.0 = Release|Any CPU
		{9861752C-22FB-4B9E-ADED-AE14A25188EE}.Training|Any CPU.ActiveCfg = Release|Any CPU
		{9861752C-22FB-4B9E-ADED-AE14A25188EE}.Training|Any CPU.Build.0 = Release|Any CPU
		{E655E83D-A952-4AF3-ADEC-715C17F582FA}.Debug|Any CPU.ActiveCfg = Debug|Any CPU
		{E655E83D-A952-4AF3-ADEC-715C17F582FA}.Debug|Any CPU.Build.0 = Debug|Any CPU
		{E655E83D-A952-4AF3-ADEC-715C17F582FA}.QA|Any CPU.ActiveCfg = QA|Any CPU
		{E655E83D-A952-4AF3-ADEC-715C17F582FA}.QA|Any CPU.Build.0 = QA|Any CPU
		{E655E83D-A952-4AF3-ADEC-715C17F582FA}.Release|Any CPU.ActiveCfg = Release|Any CPU
		{E655E83D-A952-4AF3-ADEC-715C17F582FA}.Release|Any CPU.Build.0 = Release|Any CPU
		{E655E83D-A952-4AF3-ADEC-715C17F582FA}.Test|Any CPU.ActiveCfg = Release|Any CPU
		{E655E83D-A952-4AF3-ADEC-715C17F582FA}.Test|Any CPU.Build.0 = Release|Any CPU
		{E655E83D-A952-4AF3-ADEC-715C17F582FA}.Training|Any CPU.ActiveCfg = Release|Any CPU
		{E655E83D-A952-4AF3-ADEC-715C17F582FA}.Training|Any CPU.Build.0 = Release|Any CPU
		{47F8FE85-F105-491E-847B-0B8375A5AA75}.Debug|Any CPU.ActiveCfg = Debug|Any CPU
		{47F8FE85-F105-491E-847B-0B8375A5AA75}.Debug|Any CPU.Build.0 = Debug|Any CPU
		{47F8FE85-F105-491E-847B-0B8375A5AA75}.QA|Any CPU.ActiveCfg = QA|Any CPU
		{47F8FE85-F105-491E-847B-0B8375A5AA75}.QA|Any CPU.Build.0 = QA|Any CPU
		{47F8FE85-F105-491E-847B-0B8375A5AA75}.Release|Any CPU.ActiveCfg = Release|Any CPU
		{47F8FE85-F105-491E-847B-0B8375A5AA75}.Release|Any CPU.Build.0 = Release|Any CPU
		{47F8FE85-F105-491E-847B-0B8375A5AA75}.Test|Any CPU.ActiveCfg = Release|Any CPU
		{47F8FE85-F105-491E-847B-0B8375A5AA75}.Test|Any CPU.Build.0 = Release|Any CPU
		{47F8FE85-F105-491E-847B-0B8375A5AA75}.Training|Any CPU.ActiveCfg = Release|Any CPU
		{47F8FE85-F105-491E-847B-0B8375A5AA75}.Training|Any CPU.Build.0 = Release|Any CPU
		{3020EF50-DBD2-4B9B-8023-9B2351FEC937}.Debug|Any CPU.ActiveCfg = Debug|Any CPU
		{3020EF50-DBD2-4B9B-8023-9B2351FEC937}.Debug|Any CPU.Build.0 = Debug|Any CPU
		{3020EF50-DBD2-4B9B-8023-9B2351FEC937}.QA|Any CPU.ActiveCfg = QA|Any CPU
		{3020EF50-DBD2-4B9B-8023-9B2351FEC937}.QA|Any CPU.Build.0 = QA|Any CPU
		{3020EF50-DBD2-4B9B-8023-9B2351FEC937}.Release|Any CPU.ActiveCfg = Release|Any CPU
		{3020EF50-DBD2-4B9B-8023-9B2351FEC937}.Release|Any CPU.Build.0 = Release|Any CPU
		{3020EF50-DBD2-4B9B-8023-9B2351FEC937}.Test|Any CPU.ActiveCfg = Release|Any CPU
		{3020EF50-DBD2-4B9B-8023-9B2351FEC937}.Test|Any CPU.Build.0 = Release|Any CPU
		{3020EF50-DBD2-4B9B-8023-9B2351FEC937}.Training|Any CPU.ActiveCfg = Release|Any CPU
		{3020EF50-DBD2-4B9B-8023-9B2351FEC937}.Training|Any CPU.Build.0 = Release|Any CPU
		{6A416298-1FB2-42E4-B248-410A8CA9F99B}.Debug|Any CPU.ActiveCfg = Debug|Any CPU
		{6A416298-1FB2-42E4-B248-410A8CA9F99B}.Debug|Any CPU.Build.0 = Debug|Any CPU
		{6A416298-1FB2-42E4-B248-410A8CA9F99B}.QA|Any CPU.ActiveCfg = QA|Any CPU
		{6A416298-1FB2-42E4-B248-410A8CA9F99B}.QA|Any CPU.Build.0 = QA|Any CPU
		{6A416298-1FB2-42E4-B248-410A8CA9F99B}.Release|Any CPU.ActiveCfg = Release|Any CPU
		{6A416298-1FB2-42E4-B248-410A8CA9F99B}.Release|Any CPU.Build.0 = Release|Any CPU
		{6A416298-1FB2-42E4-B248-410A8CA9F99B}.Test|Any CPU.ActiveCfg = Release|Any CPU
		{6A416298-1FB2-42E4-B248-410A8CA9F99B}.Test|Any CPU.Build.0 = Release|Any CPU
		{6A416298-1FB2-42E4-B248-410A8CA9F99B}.Training|Any CPU.ActiveCfg = Release|Any CPU
		{6A416298-1FB2-42E4-B248-410A8CA9F99B}.Training|Any CPU.Build.0 = Release|Any CPU
		{A807EEDE-A752-4A08-8D59-17753DCD88A5}.Debug|Any CPU.ActiveCfg = Debug|Any CPU
		{A807EEDE-A752-4A08-8D59-17753DCD88A5}.Debug|Any CPU.Build.0 = Debug|Any CPU
		{A807EEDE-A752-4A08-8D59-17753DCD88A5}.QA|Any CPU.ActiveCfg = QA|Any CPU
		{A807EEDE-A752-4A08-8D59-17753DCD88A5}.QA|Any CPU.Build.0 = QA|Any CPU
		{A807EEDE-A752-4A08-8D59-17753DCD88A5}.Release|Any CPU.ActiveCfg = Release|Any CPU
		{A807EEDE-A752-4A08-8D59-17753DCD88A5}.Release|Any CPU.Build.0 = Release|Any CPU
		{A807EEDE-A752-4A08-8D59-17753DCD88A5}.Test|Any CPU.ActiveCfg = Release|Any CPU
		{A807EEDE-A752-4A08-8D59-17753DCD88A5}.Test|Any CPU.Build.0 = Release|Any CPU
		{A807EEDE-A752-4A08-8D59-17753DCD88A5}.Training|Any CPU.ActiveCfg = Release|Any CPU
		{A807EEDE-A752-4A08-8D59-17753DCD88A5}.Training|Any CPU.Build.0 = Release|Any CPU
		{59FCE655-C41F-49EA-B683-AD36DF90FFC1}.Debug|Any CPU.ActiveCfg = Debug|Any CPU
		{59FCE655-C41F-49EA-B683-AD36DF90FFC1}.Debug|Any CPU.Build.0 = Debug|Any CPU
		{59FCE655-C41F-49EA-B683-AD36DF90FFC1}.QA|Any CPU.ActiveCfg = QA|Any CPU
		{59FCE655-C41F-49EA-B683-AD36DF90FFC1}.QA|Any CPU.Build.0 = QA|Any CPU
		{59FCE655-C41F-49EA-B683-AD36DF90FFC1}.Release|Any CPU.ActiveCfg = Release|Any CPU
		{59FCE655-C41F-49EA-B683-AD36DF90FFC1}.Release|Any CPU.Build.0 = Release|Any CPU
		{59FCE655-C41F-49EA-B683-AD36DF90FFC1}.Test|Any CPU.ActiveCfg = Release|Any CPU
		{59FCE655-C41F-49EA-B683-AD36DF90FFC1}.Test|Any CPU.Build.0 = Release|Any CPU
		{59FCE655-C41F-49EA-B683-AD36DF90FFC1}.Training|Any CPU.ActiveCfg = Release|Any CPU
		{59FCE655-C41F-49EA-B683-AD36DF90FFC1}.Training|Any CPU.Build.0 = Release|Any CPU
	EndGlobalSection
	GlobalSection(SolutionProperties) = preSolution
		HideSolutionNode = FALSE
	EndGlobalSection
EndGlobal
